# This file was autogenerated by Stack.
# You should not edit this file by hand.
# For more information, please see the documentation at:
#   https://docs.haskellstack.org/en/stable/lock_files

packages:
- completed:
    hackage: countable-1.1@sha256:16c7fc29af3296a34f0c71788d00da3372d502b33e03f338c3405fb671cdef94,2151
    pantry-tree:
      size: 728
      sha256: ee5c586203c9cc5ec0eb3ce5ac5cec5cd00356080a7ca3dee8e0153aaed978f6
  original:
    hackage: countable-1.1
snapshots:
- completed:
    size: 619093
    url: https://raw.githubusercontent.com/commercialhaskell/stackage-snapshots/master/lts/19/5.yaml
    sha256: b936d27d647a31a8834d3efec126e2a07dee9c9bd6dd401d9bdac77e7b278f1e
  original: lts-19.5
